dependencies:
  idf:
    source:
      type: idf
    version: 5.5.3
  wolfssl/wolfssl:
    component_hash: 4d619e882c19d967bbaa53302e3bd2bdb8c611b5efb13302171aace809fccfdf
    dependencies: []
    source:
      registry_url: https://components.espressif.com/
      type: service
    version: 5.8.2~1
direct_dependencies:
- idf
- wolfssl/wolfssl
manifest_hash: 660be0bff7c504c9ded717f8a0585bc9a850202d4433015d205d244122039775
target: esp32s3
version: 2.0.0
